PODS:
  - SocketRocket (0.5.0)
  - WebRTC (61.19850-master)

DEPENDENCIES:
  - SocketRocket
  - WebRTC (from `../`)

EXTERNAL SOURCES:
  WebRTC:
    :path: ../

SPEC CHECKSUMS:
  SocketRocket: 2c51efccd2d73c99a923407ca4b06e7e9da95dbf
  WebRTC: 85cad411deb1c0c09b7963152cd9902e7bbae70c

PODFILE CHECKSUM: f914180ce6592b24e2acf2d07eb34a0c79a09afb

COCOAPODS: 1.3.1
