// !$*UTF8*$!
{
	archiveVersion = 1;
	classes = {
	};
	objectVersion = 46;
	objects = {

/* Begin PBXBuildFile section */
		6003F58E195388D20070C39A /* Foundation.framework in Frameworks */ = {isa = PBXBuildFile; fileRef = 6003F58D195388D20070C39A /* Foundation.framework */; };
		6003F590195388D20070C39A /* CoreGraphics.framework in Frameworks */ = {isa = PBXBuildFile; fileRef = 6003F58F195388D20070C39A /* CoreGraphics.framework */; };
		6003F592195388D20070C39A /* UIKit.framework in Frameworks */ = {isa = PBXBuildFile; fileRef = 6003F591195388D20070C39A /* UIKit.framework */; };
		6003F598195388D20070C39A /* InfoPlist.strings in Resources */ = {isa = PBXBuildFile; fileRef = 6003F596195388D20070C39A /* InfoPlist.strings */; };
		6003F5A9195388D20070C39A /* Images.xcassets in Resources */ = {isa = PBXBuildFile; fileRef = 6003F5A8195388D20070C39A /* Images.xcassets */; };
		6003F5B0195388D20070C39A /* XCTest.framework in Frameworks */ = {isa = PBXBuildFile; fileRef = 6003F5AF195388D20070C39A /* XCTest.framework */; };
		6003F5B1195388D20070C39A /* Foundation.framework in Frameworks */ = {isa = PBXBuildFile; fileRef = 6003F58D195388D20070C39A /* Foundation.framework */; };
		6003F5B2195388D20070C39A /* UIKit.framework in Frameworks */ = {isa = PBXBuildFile; fileRef = 6003F591195388D20070C39A /* UIKit.framework */; };
		80BFFC1A41D7FA4BEA8FA32B /* Pods_WebRTC_Example.framework in Frameworks */ = {isa = PBXBuildFile; fileRef = 936A4EE7F2127A16348B3A63 /* Pods_WebRTC_Example.framework */; };
		CF03DA8F1E64B236004E4CC7 /* ARDTURNClient.m in Sources */ = {isa = PBXBuildFile; fileRef = CF03DA8D1E64B236004E4CC7 /* ARDTURNClient.m */; };
		CF03DA971E64B261004E4CC7 /* ARDSettingsModel.m in Sources */ = {isa = PBXBuildFile; fileRef = CF03DA911E64B261004E4CC7 /* ARDSettingsModel.m */; };
		CF03DA981E64B261004E4CC7 /* ARDSettingsStore.m in Sources */ = {isa = PBXBuildFile; fileRef = CF03DA941E64B261004E4CC7 /* ARDSettingsStore.m */; };
		CF03DA991E64B261004E4CC7 /* ARDSettingsViewController.m in Sources */ = {isa = PBXBuildFile; fileRef = CF03DA961E64B261004E4CC7 /* ARDSettingsViewController.m */; };
		CF3D4D7E1D761EEC0047A0E6 /* main.m in Sources */ = {isa = PBXBuildFile; fileRef = CF3D4D7D1D761EEC0047A0E6 /* main.m */; };
		CF3D4D821D761F570047A0E6 /* UIImage+ARDUtilities.m in Sources */ = {isa = PBXBuildFile; fileRef = CF3D4D811D761F570047A0E6 /* UIImage+ARDUtilities.m */; };
		CF3D4D8F1D761F6A0047A0E6 /* ARDAppDelegate.m in Sources */ = {isa = PBXBuildFile; fileRef = CF3D4D841D761F6A0047A0E6 /* ARDAppDelegate.m */; };
		CF3D4D901D761F6A0047A0E6 /* ARDMainView.m in Sources */ = {isa = PBXBuildFile; fileRef = CF3D4D861D761F6A0047A0E6 /* ARDMainView.m */; };
		CF3D4D911D761F6A0047A0E6 /* ARDMainViewController.m in Sources */ = {isa = PBXBuildFile; fileRef = CF3D4D881D761F6A0047A0E6 /* ARDMainViewController.m */; };
		CF3D4D921D761F6A0047A0E6 /* ARDStatsView.m in Sources */ = {isa = PBXBuildFile; fileRef = CF3D4D8A1D761F6A0047A0E6 /* ARDStatsView.m */; };
		CF3D4D931D761F6A0047A0E6 /* ARDVideoCallView.m in Sources */ = {isa = PBXBuildFile; fileRef = CF3D4D8C1D761F6A0047A0E6 /* ARDVideoCallView.m */; };
		CF3D4D941D761F6A0047A0E6 /* ARDVideoCallViewController.m in Sources */ = {isa = PBXBuildFile; fileRef = CF3D4D8E1D761F6A0047A0E6 /* ARDVideoCallViewController.m */; };
		CF3D4DBB1D761FBA0047A0E6 /* ARDAppClient.m in Sources */ = {isa = PBXBuildFile; fileRef = CF3D4D9A1D761FBA0047A0E6 /* ARDAppClient.m */; };
		CF3D4DBC1D761FBA0047A0E6 /* ARDAppEngineClient.m in Sources */ = {isa = PBXBuildFile; fileRef = CF3D4D9D1D761FBA0047A0E6 /* ARDAppEngineClient.m */; };
		CF3D4DBD1D761FBA0047A0E6 /* ARDBitrateTracker.m in Sources */ = {isa = PBXBuildFile; fileRef = CF3D4D9F1D761FBA0047A0E6 /* ARDBitrateTracker.m */; };
		CF3D4DBF1D761FBA0047A0E6 /* ARDJoinResponse.m in Sources */ = {isa = PBXBuildFile; fileRef = CF3D4DA31D761FBA0047A0E6 /* ARDJoinResponse.m */; };
		CF3D4DC01D761FBA0047A0E6 /* ARDMessageResponse.m in Sources */ = {isa = PBXBuildFile; fileRef = CF3D4DA61D761FBA0047A0E6 /* ARDMessageResponse.m */; };
		CF3D4DC11D761FBA0047A0E6 /* ARDSDPUtils.m in Sources */ = {isa = PBXBuildFile; fileRef = CF3D4DAA1D761FBA0047A0E6 /* ARDSDPUtils.m */; };
		CF3D4DC21D761FBA0047A0E6 /* ARDSignalingMessage.m in Sources */ = {isa = PBXBuildFile; fileRef = CF3D4DAD1D761FBA0047A0E6 /* ARDSignalingMessage.m */; };
		CF3D4DC31D761FBA0047A0E6 /* ARDStatsBuilder.m in Sources */ = {isa = PBXBuildFile; fileRef = CF3D4DAF1D761FBA0047A0E6 /* ARDStatsBuilder.m */; };
		CF3D4DC41D761FBA0047A0E6 /* ARDWebSocketChannel.m in Sources */ = {isa = PBXBuildFile; fileRef = CF3D4DB21D761FBA0047A0E6 /* ARDWebSocketChannel.m */; };
		CF3D4DC51D761FBA0047A0E6 /* RTCIceCandidate+JSON.m in Sources */ = {isa = PBXBuildFile; fileRef = CF3D4DB41D761FBA0047A0E6 /* RTCIceCandidate+JSON.m */; };
		CF3D4DC61D761FBA0047A0E6 /* RTCIceServer+JSON.m in Sources */ = {isa = PBXBuildFile; fileRef = CF3D4DB61D761FBA0047A0E6 /* RTCIceServer+JSON.m */; };
		CF3D4DC71D761FBA0047A0E6 /* RTCMediaConstraints+JSON.m in Sources */ = {isa = PBXBuildFile; fileRef = CF3D4DB81D761FBA0047A0E6 /* RTCMediaConstraints+JSON.m */; };
		CF3D4DC81D761FBA0047A0E6 /* RTCSessionDescription+JSON.m in Sources */ = {isa = PBXBuildFile; fileRef = CF3D4DBA1D761FBA0047A0E6 /* RTCSessionDescription+JSON.m */; };
		CF3D4DCB1D761FEB0047A0E6 /* ARDUtilities.m in Sources */ = {isa = PBXBuildFile; fileRef = CF3D4DCA1D761FEB0047A0E6 /* ARDUtilities.m */; };
		CFBD2BBF1D7635F5004D0942 /* mozart.mp3 in Resources */ = {isa = PBXBuildFile; fileRef = CFBD2BBD1D7635F5004D0942 /* mozart.mp3 */; };
		CFBD2BC01D7635F5004D0942 /* Roboto-Regular.ttf in Resources */ = {isa = PBXBuildFile; fileRef = CFBD2BBE1D7635F5004D0942 /* Roboto-Regular.ttf */; };
		CFE3DD481D763245000EB86B /* LaunchScreen.storyboard in Resources */ = {isa = PBXBuildFile; fileRef = CFE3DD471D763245000EB86B /* LaunchScreen.storyboard */; };
/* End PBXBuildFile section */

/* Begin PBXContainerItemProxy section */
		6003F5B3195388D20070C39A /* PBXContainerItemProxy */ = {
			isa = PBXContainerItemProxy;
			containerPortal = 6003F582195388D10070C39A /* Project object */;
			proxyType = 1;
			remoteGlobalIDString = 6003F589195388D20070C39A;
			remoteInfo = WebRTC;
		};
/* End PBXContainerItemProxy section */

/* Begin PBXFileReference section */
		0E883ED3FC8DB34789CE9357 /* libPods-WebRTC_Tests.a */ = {isa = PBXFileReference; explicitFileType = archive.ar; includeInIndex = 0; path = "libPods-WebRTC_Tests.a"; sourceTree = BUILT_PRODUCTS_DIR; };
		6003F58A195388D20070C39A /* WebRTC_Example.app */ = {isa = PBXFileReference; explicitFileType = wrapper.application; includeInIndex = 0; path = WebRTC_Example.app; sourceTree = BUILT_PRODUCTS_DIR; };
		6003F58D195388D20070C39A /* Foundation.framework */ = {isa = PBXFileReference; lastKnownFileType = wrapper.framework; name = Foundation.framework; path = System/Library/Frameworks/Foundation.framework; sourceTree = SDKROOT; };
		6003F58F195388D20070C39A /* CoreGraphics.framework */ = {isa = PBXFileReference; lastKnownFileType = wrapper.framework; name = CoreGraphics.framework; path = System/Library/Frameworks/CoreGraphics.framework; sourceTree = SDKROOT; };
		6003F591195388D20070C39A /* UIKit.framework */ = {isa = PBXFileReference; lastKnownFileType = wrapper.framework; name = UIKit.framework; path = System/Library/Frameworks/UIKit.framework; sourceTree = SDKROOT; };
		6003F597195388D20070C39A /* en */ = {isa = PBXFileReference; lastKnownFileType = text.plist.strings; name = en; path = en.lproj/InfoPlist.strings; sourceTree = "<group>"; };
		6003F5A8195388D20070C39A /* Images.xcassets */ = {isa = PBXFileReference; lastKnownFileType = folder.assetcatalog; path = Images.xcassets; sourceTree = "<group>"; };
		6003F5AE195388D20070C39A /* WebRTC_Tests.xctest */ = {isa = PBXFileReference; explicitFileType = wrapper.cfbundle; includeInIndex = 0; path = WebRTC_Tests.xctest; sourceTree = BUILT_PRODUCTS_DIR; };
		6003F5AF195388D20070C39A /* XCTest.framework */ = {isa = PBXFileReference; lastKnownFileType = wrapper.framework; name = XCTest.framework; path = Library/Frameworks/XCTest.framework; sourceTree = DEVELOPER_DIR; };
		7ED4FB310B252359EAD55BE2 /* Pods-WebRTC_Example.release.xcconfig */ = {isa = PBXFileReference; includeInIndex = 1; lastKnownFileType = text.xcconfig; name = "Pods-WebRTC_Example.release.xcconfig"; path = "Pods/Target Support Files/Pods-WebRTC_Example/Pods-WebRTC_Example.release.xcconfig"; sourceTree = "<group>"; };
		936A4EE7F2127A16348B3A63 /* Pods_WebRTC_Example.framework */ = {isa = PBXFileReference; explicitFileType = wrapper.framework; includeInIndex = 0; path = Pods_WebRTC_Example.framework; sourceTree = BUILT_PRODUCTS_DIR; };
		9954E54DC800AD596E112EF7 /* WebRTC.podspec */ = {isa = PBXFileReference; includeInIndex = 1; lastKnownFileType = text; name = WebRTC.podspec; path = ../WebRTC.podspec; sourceTree = "<group>"; };
		9E5FDCC791F711C977E50DAC /* README.md */ = {isa = PBXFileReference; includeInIndex = 1; lastKnownFileType = net.daringfireball.markdown; name = README.md; path = ../README.md; sourceTree = "<group>"; };
		CF03DA8D1E64B236004E4CC7 /* ARDTURNClient.m */ = {isa = PBXFileReference; fileEncoding = 4; lastKnownFileType = sourcecode.c.objc; path = ARDTURNClient.m; sourceTree = "<group>"; };
		CF03DA8E1E64B236004E4CC7 /* ARDTURNClient+Internal.h */ = {isa = PBXFileReference; fileEncoding = 4; lastKnownFileType = sourcecode.c.h; path = "ARDTURNClient+Internal.h"; sourceTree = "<group>"; };
		CF03DA901E64B261004E4CC7 /* ARDSettingsModel.h */ = {isa = PBXFileReference; fileEncoding = 4; lastKnownFileType = sourcecode.c.h; name = ARDSettingsModel.h; path = ios/ARDSettingsModel.h; sourceTree = "<group>"; };
		CF03DA911E64B261004E4CC7 /* ARDSettingsModel.m */ = {isa = PBXFileReference; fileEncoding = 4; lastKnownFileType = sourcecode.c.objc; name = ARDSettingsModel.m; path = ios/ARDSettingsModel.m; sourceTree = "<group>"; };
		CF03DA921E64B261004E4CC7 /* ARDSettingsModel+Private.h */ = {isa = PBXFileReference; fileEncoding = 4; lastKnownFileType = sourcecode.c.h; name = "ARDSettingsModel+Private.h"; path = "ios/ARDSettingsModel+Private.h"; sourceTree = "<group>"; };
		CF03DA931E64B261004E4CC7 /* ARDSettingsStore.h */ = {isa = PBXFileReference; fileEncoding = 4; lastKnownFileType = sourcecode.c.h; name = ARDSettingsStore.h; path = ios/ARDSettingsStore.h; sourceTree = "<group>"; };
		CF03DA941E64B261004E4CC7 /* ARDSettingsStore.m */ = {isa = PBXFileReference; fileEncoding = 4; lastKnownFileType = sourcecode.c.objc; name = ARDSettingsStore.m; path = ios/ARDSettingsStore.m; sourceTree = "<group>"; };
		CF03DA951E64B261004E4CC7 /* ARDSettingsViewController.h */ = {isa = PBXFileReference; fileEncoding = 4; lastKnownFileType = sourcecode.c.h; name = ARDSettingsViewController.h; path = ios/ARDSettingsViewController.h; sourceTree = "<group>"; };
		CF03DA961E64B261004E4CC7 /* ARDSettingsViewController.m */ = {isa = PBXFileReference; fileEncoding = 4; lastKnownFileType = sourcecode.c.objc; name = ARDSettingsViewController.m; path = ios/ARDSettingsViewController.m; sourceTree = "<group>"; };
		CF3D4D7B1D761EE50047A0E6 /* Info.plist */ = {isa = PBXFileReference; fileEncoding = 4; lastKnownFileType = text.plist.xml; name = Info.plist; path = ios/Info.plist; sourceTree = "<group>"; };
		CF3D4D7D1D761EEC0047A0E6 /* main.m */ = {isa = PBXFileReference; fileEncoding = 4; lastKnownFileType = sourcecode.c.objc; name = main.m; path = ios/main.m; sourceTree = "<group>"; };
		CF3D4D801D761F570047A0E6 /* UIImage+ARDUtilities.h */ = {isa = PBXFileReference; fileEncoding = 4; lastKnownFileType = sourcecode.c.h; name = "UIImage+ARDUtilities.h"; path = "ios/UIImage+ARDUtilities.h"; sourceTree = "<group>"; };
		CF3D4D811D761F570047A0E6 /* UIImage+ARDUtilities.m */ = {isa = PBXFileReference; fileEncoding = 4; lastKnownFileType = sourcecode.c.objc; name = "UIImage+ARDUtilities.m"; path = "ios/UIImage+ARDUtilities.m"; sourceTree = "<group>"; };
		CF3D4D831D761F6A0047A0E6 /* ARDAppDelegate.h */ = {isa = PBXFileReference; fileEncoding = 4; lastKnownFileType = sourcecode.c.h; name = ARDAppDelegate.h; path = ios/ARDAppDelegate.h; sourceTree = "<group>"; };
		CF3D4D841D761F6A0047A0E6 /* ARDAppDelegate.m */ = {isa = PBXFileReference; fileEncoding = 4; lastKnownFileType = sourcecode.c.objc; name = ARDAppDelegate.m; path = ios/ARDAppDelegate.m; sourceTree = "<group>"; };
		CF3D4D851D761F6A0047A0E6 /* ARDMainView.h */ = {isa = PBXFileReference; fileEncoding = 4; lastKnownFileType = sourcecode.c.h; name = ARDMainView.h; path = ios/ARDMainView.h; sourceTree = "<group>"; };
		CF3D4D861D761F6A0047A0E6 /* ARDMainView.m */ = {isa = PBXFileReference; fileEncoding = 4; lastKnownFileType = sourcecode.c.objc; name = ARDMainView.m; path = ios/ARDMainView.m; sourceTree = "<group>"; };
		CF3D4D871D761F6A0047A0E6 /* ARDMainViewController.h */ = {isa = PBXFileReference; fileEncoding = 4; lastKnownFileType = sourcecode.c.h; name = ARDMainViewController.h; path = ios/ARDMainViewController.h; sourceTree = "<group>"; };
		CF3D4D881D761F6A0047A0E6 /* ARDMainViewController.m */ = {isa = PBXFileReference; fileEncoding = 4; lastKnownFileType = sourcecode.c.objc; name = ARDMainViewController.m; path = ios/ARDMainViewController.m; sourceTree = "<group>"; };
		CF3D4D891D761F6A0047A0E6 /* ARDStatsView.h */ = {isa = PBXFileReference; fileEncoding = 4; lastKnownFileType = sourcecode.c.h; name = ARDStatsView.h; path = ios/ARDStatsView.h; sourceTree = "<group>"; };
		CF3D4D8A1D761F6A0047A0E6 /* ARDStatsView.m */ = {isa = PBXFileReference; fileEncoding = 4; lastKnownFileType = sourcecode.c.objc; name = ARDStatsView.m; path = ios/ARDStatsView.m; sourceTree = "<group>"; };
		CF3D4D8B1D761F6A0047A0E6 /* ARDVideoCallView.h */ = {isa = PBXFileReference; fileEncoding = 4; lastKnownFileType = sourcecode.c.h; name = ARDVideoCallView.h; path = ios/ARDVideoCallView.h; sourceTree = "<group>"; };
		CF3D4D8C1D761F6A0047A0E6 /* ARDVideoCallView.m */ = {isa = PBXFileReference; fileEncoding = 4; lastKnownFileType = sourcecode.c.objc; name = ARDVideoCallView.m; path = ios/ARDVideoCallView.m; sourceTree = "<group>"; };
		CF3D4D8D1D761F6A0047A0E6 /* ARDVideoCallViewController.h */ = {isa = PBXFileReference; fileEncoding = 4; lastKnownFileType = sourcecode.c.h; name = ARDVideoCallViewController.h; path = ios/ARDVideoCallViewController.h; sourceTree = "<group>"; };
		CF3D4D8E1D761F6A0047A0E6 /* ARDVideoCallViewController.m */ = {isa = PBXFileReference; fileEncoding = 4; lastKnownFileType = sourcecode.c.objc; name = ARDVideoCallViewController.m; path = ios/ARDVideoCallViewController.m; sourceTree = "<group>"; };
		CF3D4D991D761FBA0047A0E6 /* ARDAppClient.h */ = {isa = PBXFileReference; fileEncoding = 4; lastKnownFileType = sourcecode.c.h; path = ARDAppClient.h; sourceTree = "<group>"; };
		CF3D4D9A1D761FBA0047A0E6 /* ARDAppClient.m */ = {isa = PBXFileReference; fileEncoding = 4; lastKnownFileType = sourcecode.c.objc; path = ARDAppClient.m; sourceTree = "<group>"; };
		CF3D4D9B1D761FBA0047A0E6 /* ARDAppClient+Internal.h */ = {isa = PBXFileReference; fileEncoding = 4; lastKnownFileType = sourcecode.c.h; path = "ARDAppClient+Internal.h"; sourceTree = "<group>"; };
		CF3D4D9C1D761FBA0047A0E6 /* ARDAppEngineClient.h */ = {isa = PBXFileReference; fileEncoding = 4; lastKnownFileType = sourcecode.c.h; path = ARDAppEngineClient.h; sourceTree = "<group>"; };
		CF3D4D9D1D761FBA0047A0E6 /* ARDAppEngineClient.m */ = {isa = PBXFileReference; fileEncoding = 4; lastKnownFileType = sourcecode.c.objc; path = ARDAppEngineClient.m; sourceTree = "<group>"; };
		CF3D4D9E1D761FBA0047A0E6 /* ARDBitrateTracker.h */ = {isa = PBXFileReference; fileEncoding = 4; lastKnownFileType = sourcecode.c.h; path = ARDBitrateTracker.h; sourceTree = "<group>"; };
		CF3D4D9F1D761FBA0047A0E6 /* ARDBitrateTracker.m */ = {isa = PBXFileReference; fileEncoding = 4; lastKnownFileType = sourcecode.c.objc; path = ARDBitrateTracker.m; sourceTree = "<group>"; };
		CF3D4DA21D761FBA0047A0E6 /* ARDJoinResponse.h */ = {isa = PBXFileReference; fileEncoding = 4; lastKnownFileType = sourcecode.c.h; path = ARDJoinResponse.h; sourceTree = "<group>"; };
		CF3D4DA31D761FBA0047A0E6 /* ARDJoinResponse.m */ = {isa = PBXFileReference; fileEncoding = 4; lastKnownFileType = sourcecode.c.objc; path = ARDJoinResponse.m; sourceTree = "<group>"; };
		CF3D4DA41D761FBA0047A0E6 /* ARDJoinResponse+Internal.h */ = {isa = PBXFileReference; fileEncoding = 4; lastKnownFileType = sourcecode.c.h; path = "ARDJoinResponse+Internal.h"; sourceTree = "<group>"; };
		CF3D4DA51D761FBA0047A0E6 /* ARDMessageResponse.h */ = {isa = PBXFileReference; fileEncoding = 4; lastKnownFileType = sourcecode.c.h; path = ARDMessageResponse.h; sourceTree = "<group>"; };
		CF3D4DA61D761FBA0047A0E6 /* ARDMessageResponse.m */ = {isa = PBXFileReference; fileEncoding = 4; lastKnownFileType = sourcecode.c.objc; path = ARDMessageResponse.m; sourceTree = "<group>"; };
		CF3D4DA71D761FBA0047A0E6 /* ARDMessageResponse+Internal.h */ = {isa = PBXFileReference; fileEncoding = 4; lastKnownFileType = sourcecode.c.h; path = "ARDMessageResponse+Internal.h"; sourceTree = "<group>"; };
		CF3D4DA81D761FBA0047A0E6 /* ARDRoomServerClient.h */ = {isa = PBXFileReference; fileEncoding = 4; lastKnownFileType = sourcecode.c.h; path = ARDRoomServerClient.h; sourceTree = "<group>"; };
		CF3D4DA91D761FBA0047A0E6 /* ARDSDPUtils.h */ = {isa = PBXFileReference; fileEncoding = 4; lastKnownFileType = sourcecode.c.h; path = ARDSDPUtils.h; sourceTree = "<group>"; };
		CF3D4DAA1D761FBA0047A0E6 /* ARDSDPUtils.m */ = {isa = PBXFileReference; fileEncoding = 4; lastKnownFileType = sourcecode.c.objc; path = ARDSDPUtils.m; sourceTree = "<group>"; };
		CF3D4DAB1D761FBA0047A0E6 /* ARDSignalingChannel.h */ = {isa = PBXFileReference; fileEncoding = 4; lastKnownFileType = sourcecode.c.h; path = ARDSignalingChannel.h; sourceTree = "<group>"; };
		CF3D4DAC1D761FBA0047A0E6 /* ARDSignalingMessage.h */ = {isa = PBXFileReference; fileEncoding = 4; lastKnownFileType = sourcecode.c.h; path = ARDSignalingMessage.h; sourceTree = "<group>"; };
		CF3D4DAD1D761FBA0047A0E6 /* ARDSignalingMessage.m */ = {isa = PBXFileReference; fileEncoding = 4; lastKnownFileType = sourcecode.c.objc; path = ARDSignalingMessage.m; sourceTree = "<group>"; };
		CF3D4DAE1D761FBA0047A0E6 /* ARDStatsBuilder.h */ = {isa = PBXFileReference; fileEncoding = 4; lastKnownFileType = sourcecode.c.h; path = ARDStatsBuilder.h; sourceTree = "<group>"; };
		CF3D4DAF1D761FBA0047A0E6 /* ARDStatsBuilder.m */ = {isa = PBXFileReference; fileEncoding = 4; lastKnownFileType = sourcecode.c.objc; path = ARDStatsBuilder.m; sourceTree = "<group>"; };
		CF3D4DB01D761FBA0047A0E6 /* ARDTURNClient.h */ = {isa = PBXFileReference; fileEncoding = 4; lastKnownFileType = sourcecode.c.h; path = ARDTURNClient.h; sourceTree = "<group>"; };
		CF3D4DB11D761FBA0047A0E6 /* ARDWebSocketChannel.h */ = {isa = PBXFileReference; fileEncoding = 4; lastKnownFileType = sourcecode.c.h; path = ARDWebSocketChannel.h; sourceTree = "<group>"; };
		CF3D4DB21D761FBA0047A0E6 /* ARDWebSocketChannel.m */ = {isa = PBXFileReference; fileEncoding = 4; lastKnownFileType = sourcecode.c.objc; path = ARDWebSocketChannel.m; sourceTree = "<group>"; };
		CF3D4DB31D761FBA0047A0E6 /* RTCIceCandidate+JSON.h */ = {isa = PBXFileReference; fileEncoding = 4; lastKnownFileType = sourcecode.c.h; path = "RTCIceCandidate+JSON.h"; sourceTree = "<group>"; };
		CF3D4DB41D761FBA0047A0E6 /* RTCIceCandidate+JSON.m */ = {isa = PBXFileReference; fileEncoding = 4; lastKnownFileType = sourcecode.c.objc; path = "RTCIceCandidate+JSON.m"; sourceTree = "<group>"; };
		CF3D4DB51D761FBA0047A0E6 /* RTCIceServer+JSON.h */ = {isa = PBXFileReference; fileEncoding = 4; lastKnownFileType = sourcecode.c.h; path = "RTCIceServer+JSON.h"; sourceTree = "<group>"; };
		CF3D4DB61D761FBA0047A0E6 /* RTCIceServer+JSON.m */ = {isa = PBXFileReference; fileEncoding = 4; lastKnownFileType = sourcecode.c.objc; path = "RTCIceServer+JSON.m"; sourceTree = "<group>"; };
		CF3D4DB71D761FBA0047A0E6 /* RTCMediaConstraints+JSON.h */ = {isa = PBXFileReference; fileEncoding = 4; lastKnownFileType = sourcecode.c.h; path = "RTCMediaConstraints+JSON.h"; sourceTree = "<group>"; };
		CF3D4DB81D761FBA0047A0E6 /* RTCMediaConstraints+JSON.m */ = {isa = PBXFileReference; fileEncoding = 4; lastKnownFileType = sourcecode.c.objc; path = "RTCMediaConstraints+JSON.m"; sourceTree = "<group>"; };
		CF3D4DB91D761FBA0047A0E6 /* RTCSessionDescription+JSON.h */ = {isa = PBXFileReference; fileEncoding = 4; lastKnownFileType = sourcecode.c.h; path = "RTCSessionDescription+JSON.h"; sourceTree = "<group>"; };
		CF3D4DBA1D761FBA0047A0E6 /* RTCSessionDescription+JSON.m */ = {isa = PBXFileReference; fileEncoding = 4; lastKnownFileType = sourcecode.c.objc; path = "RTCSessionDescription+JSON.m"; sourceTree = "<group>"; };
		CF3D4DC91D761FEB0047A0E6 /* ARDUtilities.h */ = {isa = PBXFileReference; fileEncoding = 4; lastKnownFileType = sourcecode.c.h; name = ARDUtilities.h; path = common/ARDUtilities.h; sourceTree = "<group>"; };
		CF3D4DCA1D761FEB0047A0E6 /* ARDUtilities.m */ = {isa = PBXFileReference; fileEncoding = 4; lastKnownFileType = sourcecode.c.objc; name = ARDUtilities.m; path = common/ARDUtilities.m; sourceTree = "<group>"; };
		CF8D6E6F1E64B6FE0098BAA2 /* AppRTCMobile-Prefix.pch */ = {isa = PBXFileReference; lastKnownFileType = sourcecode.c.h; name = "AppRTCMobile-Prefix.pch"; path = "ios/AppRTCMobile-Prefix.pch"; sourceTree = "<group>"; };
		CFBD2BBD1D7635F5004D0942 /* mozart.mp3 */ = {isa = PBXFileReference; lastKnownFileType = audio.mp3; path = mozart.mp3; sourceTree = "<group>"; };
		CFBD2BBE1D7635F5004D0942 /* Roboto-Regular.ttf */ = {isa = PBXFileReference; lastKnownFileType = file; path = "Roboto-Regular.ttf"; sourceTree = "<group>"; };
		CFE3DD471D763245000EB86B /* LaunchScreen.storyboard */ = {isa = PBXFileReference; fileEncoding = 4; lastKnownFileType = file.storyboard; path = LaunchScreen.storyboard; sourceTree = "<group>"; };
		D55DB7A75F016DDC306D7747 /* LICENSE */ = {isa = PBXFileReference; includeInIndex = 1; lastKnownFileType = text; name = LICENSE; path = ../LICENSE; sourceTree = "<group>"; };
		DCA0AF3FB55DB9E20A96E7AD /* Pods-WebRTC_Example.debug.xcconfig */ = {isa = PBXFileReference; includeInIndex = 1; lastKnownFileType = text.xcconfig; name = "Pods-WebRTC_Example.debug.xcconfig"; path = "Pods/Target Support Files/Pods-WebRTC_Example/Pods-WebRTC_Example.debug.xcconfig"; sourceTree = "<group>"; };
/* End PBXFileReference section */

/* Begin PBXFrameworksBuildPhase section */
		6003F587195388D20070C39A /* Frameworks */ = {
			isa = PBXFrameworksBuildPhase;
			buildActionMask = 2147483647;
			files = (
				6003F590195388D20070C39A /* CoreGraphics.framework in Frameworks */,
				6003F592195388D20070C39A /* UIKit.framework in Frameworks */,
				6003F58E195388D20070C39A /* Foundation.framework in Frameworks */,
				80BFFC1A41D7FA4BEA8FA32B /* Pods_WebRTC_Example.framework in Frameworks */,
			);
			runOnlyForDeploymentPostprocessing = 0;
		};
		6003F5AB195388D20070C39A /* Frameworks */ = {
			isa = PBXFrameworksBuildPhase;
			buildActionMask = 2147483647;
			files = (
				6003F5B0195388D20070C39A /* XCTest.framework in Frameworks */,
				6003F5B2195388D20070C39A /* UIKit.framework in Frameworks */,
				6003F5B1195388D20070C39A /* Foundation.framework in Frameworks */,
			);
			runOnlyForDeploymentPostprocessing = 0;
		};
/* End PBXFrameworksBuildPhase section */

/* Begin PBXGroup section */
		6003F581195388D10070C39A = {
			isa = PBXGroup;
			children = (
				60FF7A9C1954A5C5007DD14C /* Podspec Metadata */,
				6003F593195388D20070C39A /* Example for WebRTC */,
				6003F58C195388D20070C39A /* Frameworks */,
				6003F58B195388D20070C39A /* Products */,
				C0F7F5A573639A7777870BDA /* Pods */,
			);
			sourceTree = "<group>";
		};
		6003F58B195388D20070C39A /* Products */ = {
			isa = PBXGroup;
			children = (
				6003F58A195388D20070C39A /* WebRTC_Example.app */,
				6003F5AE195388D20070C39A /* WebRTC_Tests.xctest */,
			);
			name = Products;
			sourceTree = "<group>";
		};
		6003F58C195388D20070C39A /* Frameworks */ = {
			isa = PBXGroup;
			children = (
				6003F58D195388D20070C39A /* Foundation.framework */,
				6003F58F195388D20070C39A /* CoreGraphics.framework */,
				6003F591195388D20070C39A /* UIKit.framework */,
				6003F5AF195388D20070C39A /* XCTest.framework */,
				0E883ED3FC8DB34789CE9357 /* libPods-WebRTC_Tests.a */,
				936A4EE7F2127A16348B3A63 /* Pods_WebRTC_Example.framework */,
			);
			name = Frameworks;
			sourceTree = "<group>";
		};
		6003F593195388D20070C39A /* Example for WebRTC */ = {
			isa = PBXGroup;
			children = (
				CF03DA901E64B261004E4CC7 /* ARDSettingsModel.h */,
				CF03DA911E64B261004E4CC7 /* ARDSettingsModel.m */,
				CF03DA921E64B261004E4CC7 /* ARDSettingsModel+Private.h */,
				CF03DA931E64B261004E4CC7 /* ARDSettingsStore.h */,
				CF03DA941E64B261004E4CC7 /* ARDSettingsStore.m */,
				CF03DA951E64B261004E4CC7 /* ARDSettingsViewController.h */,
				CF03DA961E64B261004E4CC7 /* ARDSettingsViewController.m */,
				CF03DA8D1E64B236004E4CC7 /* ARDTURNClient.m */,
				CF03DA8E1E64B236004E4CC7 /* ARDTURNClient+Internal.h */,
				CF3D4D991D761FBA0047A0E6 /* ARDAppClient.h */,
				CF3D4D9A1D761FBA0047A0E6 /* ARDAppClient.m */,
				CF3D4D9B1D761FBA0047A0E6 /* ARDAppClient+Internal.h */,
				CF3D4D831D761F6A0047A0E6 /* ARDAppDelegate.h */,
				CF3D4D841D761F6A0047A0E6 /* ARDAppDelegate.m */,
				CF3D4D9C1D761FBA0047A0E6 /* ARDAppEngineClient.h */,
				CF3D4D9D1D761FBA0047A0E6 /* ARDAppEngineClient.m */,
				CF3D4D9E1D761FBA0047A0E6 /* ARDBitrateTracker.h */,
				CF3D4D9F1D761FBA0047A0E6 /* ARDBitrateTracker.m */,
				CF3D4DA21D761FBA0047A0E6 /* ARDJoinResponse.h */,
				CF3D4DA31D761FBA0047A0E6 /* ARDJoinResponse.m */,
				CF3D4DA41D761FBA0047A0E6 /* ARDJoinResponse+Internal.h */,
				CF3D4D851D761F6A0047A0E6 /* ARDMainView.h */,
				CF3D4D861D761F6A0047A0E6 /* ARDMainView.m */,
				CF3D4D871D761F6A0047A0E6 /* ARDMainViewController.h */,
				CF3D4D881D761F6A0047A0E6 /* ARDMainViewController.m */,
				CF3D4DA51D761FBA0047A0E6 /* ARDMessageResponse.h */,
				CF3D4DA61D761FBA0047A0E6 /* ARDMessageResponse.m */,
				CF3D4DA71D761FBA0047A0E6 /* ARDMessageResponse+Internal.h */,
				CF3D4DA81D761FBA0047A0E6 /* ARDRoomServerClient.h */,
				CF3D4DA91D761FBA0047A0E6 /* ARDSDPUtils.h */,
				CF3D4DAA1D761FBA0047A0E6 /* ARDSDPUtils.m */,
				CF3D4DAB1D761FBA0047A0E6 /* ARDSignalingChannel.h */,
				CF3D4DAC1D761FBA0047A0E6 /* ARDSignalingMessage.h */,
				CF3D4DAD1D761FBA0047A0E6 /* ARDSignalingMessage.m */,
				CF3D4DAE1D761FBA0047A0E6 /* ARDStatsBuilder.h */,
				CF3D4DAF1D761FBA0047A0E6 /* ARDStatsBuilder.m */,
				CF3D4D891D761F6A0047A0E6 /* ARDStatsView.h */,
				CF3D4D8A1D761F6A0047A0E6 /* ARDStatsView.m */,
				CF3D4DB01D761FBA0047A0E6 /* ARDTURNClient.h */,
				CF3D4DC91D761FEB0047A0E6 /* ARDUtilities.h */,
				CF3D4DCA1D761FEB0047A0E6 /* ARDUtilities.m */,
				CF3D4D8B1D761F6A0047A0E6 /* ARDVideoCallView.h */,
				CF3D4D8C1D761F6A0047A0E6 /* ARDVideoCallView.m */,
				CF3D4D8D1D761F6A0047A0E6 /* ARDVideoCallViewController.h */,
				CF3D4D8E1D761F6A0047A0E6 /* ARDVideoCallViewController.m */,
				CF3D4DB11D761FBA0047A0E6 /* ARDWebSocketChannel.h */,
				CF3D4DB21D761FBA0047A0E6 /* ARDWebSocketChannel.m */,
				6003F5A8195388D20070C39A /* Images.xcassets */,
				CF3D4DB31D761FBA0047A0E6 /* RTCIceCandidate+JSON.h */,
				CF3D4DB41D761FBA0047A0E6 /* RTCIceCandidate+JSON.m */,
				CF3D4DB51D761FBA0047A0E6 /* RTCIceServer+JSON.h */,
				CF3D4DB61D761FBA0047A0E6 /* RTCIceServer+JSON.m */,
				CF3D4DB71D761FBA0047A0E6 /* RTCMediaConstraints+JSON.h */,
				CF3D4DB81D761FBA0047A0E6 /* RTCMediaConstraints+JSON.m */,
				CF3D4DB91D761FBA0047A0E6 /* RTCSessionDescription+JSON.h */,
				CF3D4DBA1D761FBA0047A0E6 /* RTCSessionDescription+JSON.m */,
				6003F594195388D20070C39A /* Supporting Files */,
				CF3D4D801D761F570047A0E6 /* UIImage+ARDUtilities.h */,
				CF3D4D811D761F570047A0E6 /* UIImage+ARDUtilities.m */,
			);
			name = "Example for WebRTC";
			path = WebRTC;
			sourceTree = "<group>";
		};
		6003F594195388D20070C39A /* Supporting Files */ = {
			isa = PBXGroup;
			children = (
				CF8D6E6F1E64B6FE0098BAA2 /* AppRTCMobile-Prefix.pch */,
				CFBD2BBD1D7635F5004D0942 /* mozart.mp3 */,
				CFBD2BBE1D7635F5004D0942 /* Roboto-Regular.ttf */,
				CFE3DD471D763245000EB86B /* LaunchScreen.storyboard */,
				CF3D4D7D1D761EEC0047A0E6 /* main.m */,
				CF3D4D7B1D761EE50047A0E6 /* Info.plist */,
				6003F596195388D20070C39A /* InfoPlist.strings */,
			);
			name = "Supporting Files";
			sourceTree = "<group>";
		};
		60FF7A9C1954A5C5007DD14C /* Podspec Metadata */ = {
			isa = PBXGroup;
			children = (
				9954E54DC800AD596E112EF7 /* WebRTC.podspec */,
				9E5FDCC791F711C977E50DAC /* README.md */,
				D55DB7A75F016DDC306D7747 /* LICENSE */,
			);
			name = "Podspec Metadata";
			sourceTree = "<group>";
		};
		C0F7F5A573639A7777870BDA /* Pods */ = {
			isa = PBXGroup;
			children = (
				DCA0AF3FB55DB9E20A96E7AD /* Pods-WebRTC_Example.debug.xcconfig */,
				7ED4FB310B252359EAD55BE2 /* Pods-WebRTC_Example.release.xcconfig */,
			);
			name = Pods;
			sourceTree = "<group>";
		};
/* End PBXGroup section */

/* Begin PBXNativeTarget section */
		6003F589195388D20070C39A /* WebRTC_Example */ = {
			isa = PBXNativeTarget;
			buildConfigurationList = 6003F5BF195388D20070C39A /* Build configuration list for PBXNativeTarget "WebRTC_Example" */;
			buildPhases = (
				A3225FD919949B0FFB642C49 /* [CP] Check Pods Manifest.lock */,
				6003F586195388D20070C39A /* Sources */,
				6003F587195388D20070C39A /* Frameworks */,
				6003F588195388D20070C39A /* Resources */,
				F57D03CFCC3F212C299D2DAA /* [CP] Embed Pods Frameworks */,
				BEE79C49050E925D627A41E7 /* [CP] Copy Pods Resources */,
			);
			buildRules = (
			);
			dependencies = (
			);
			name = WebRTC_Example;
			productName = WebRTC;
			productReference = 6003F58A195388D20070C39A /* WebRTC_Example.app */;
			productType = "com.apple.product-type.application";
		};
		6003F5AD195388D20070C39A /* WebRTC_Tests */ = {
			isa = PBXNativeTarget;
			buildConfigurationList = 6003F5C2195388D20070C39A /* Build configuration list for PBXNativeTarget "WebRTC_Tests" */;
			buildPhases = (
				6003F5AA195388D20070C39A /* Sources */,
				6003F5AB195388D20070C39A /* Frameworks */,
				6003F5AC195388D20070C39A /* Resources */,
			);
			buildRules = (
			);
			dependencies = (
				6003F5B4195388D20070C39A /* PBXTargetDependency */,
			);
			name = WebRTC_Tests;
			productName = WebRTCTests;
			productReference = 6003F5AE195388D20070C39A /* WebRTC_Tests.xctest */;
			productType = "com.apple.product-type.bundle.unit-test";
		};
/* End PBXNativeTarget section */

/* Begin PBXProject section */
		6003F582195388D10070C39A /* Project object */ = {
			isa = PBXProject;
			attributes = {
				CLASSPREFIX = W;
				LastUpgradeCheck = 0720;
				ORGANIZATIONNAME = "Pimenov Sergey";
				TargetAttributes = {
					6003F589195388D20070C39A = {
						DevelopmentTeam = 354RVQ22HR;
					};
					6003F5AD195388D20070C39A = {
						TestTargetID = 6003F589195388D20070C39A;
					};
				};
			};
			buildConfigurationList = 6003F585195388D10070C39A /* Build configuration list for PBXProject "WebRTC" */;
			compatibilityVersion = "Xcode 3.2";
			developmentRegion = English;
			hasScannedForEncodings = 0;
			knownRegions = (
				en,
				Base,
			);
			mainGroup = 6003F581195388D10070C39A;
			productRefGroup = 6003F58B195388D20070C39A /* Products */;
			projectDirPath = "";
			projectRoot = "";
			targets = (
				6003F589195388D20070C39A /* WebRTC_Example */,
				6003F5AD195388D20070C39A /* WebRTC_Tests */,
			);
		};
/* End PBXProject section */

/* Begin PBXResourcesBuildPhase section */
		6003F588195388D20070C39A /* Resources */ = {
			isa = PBXResourcesBuildPhase;
			buildActionMask = 2147483647;
			files = (
				CFE3DD481D763245000EB86B /* LaunchScreen.storyboard in Resources */,
				CFBD2BBF1D7635F5004D0942 /* mozart.mp3 in Resources */,
				CFBD2BC01D7635F5004D0942 /* Roboto-Regular.ttf in Resources */,
				6003F5A9195388D20070C39A /* Images.xcassets in Resources */,
				6003F598195388D20070C39A /* InfoPlist.strings in Resources */,
			);
			runOnlyForDeploymentPostprocessing = 0;
		};
		6003F5AC195388D20070C39A /* Resources */ = {
			isa = PBXResourcesBuildPhase;
			buildActionMask = 2147483647;
			files = (
			);
			runOnlyForDeploymentPostprocessing = 0;
		};
/* End PBXResourcesBuildPhase section */

/* Begin PBXShellScriptBuildPhase section */
		A3225FD919949B0FFB642C49 /* [CP] Check Pods Manifest.lock */ = {
			isa = PBXShellScriptBuildPhase;
			buildActionMask = 2147483647;
			files = (
			);
			inputPaths = (
				"${PODS_PODFILE_DIR_PATH}/Podfile.lock",
				"${PODS_ROOT}/Manifest.lock",
			);
			name = "[CP] Check Pods Manifest.lock";
			outputPaths = (
				"$(DERIVED_FILE_DIR)/Pods-WebRTC_Example-checkManifestLockResult.txt",
			);
			runOnlyForDeploymentPostprocessing = 0;
			shellPath = /bin/sh;
			shellScript = "diff \"${PODS_PODFILE_DIR_PATH}/Podfile.lock\" \"${PODS_ROOT}/Manifest.lock\" > /dev/null\nif [ $? != 0 ] ; then\n    # print error to STDERR\n    echo \"error: The sandbox is not in sync with the Podfile.lock. Run 'pod install' or update your CocoaPods installation.\" >&2\n    exit 1\nfi\n# This output is used by Xcode 'outputs' to avoid re-running this script phase.\necho \"SUCCESS\" > \"${SCRIPT_OUTPUT_FILE_0}\"\n";
			showEnvVarsInLog = 0;
		};
		BEE79C49050E925D627A41E7 /* [CP] Copy Pods Resources */ = {
			isa = PBXShellScriptBuildPhase;
			buildActionMask = 2147483647;
			files = (
			);
			inputPaths = (
			);
			name = "[CP] Copy Pods Resources";
			outputPaths = (
			);
			runOnlyForDeploymentPostprocessing = 0;
			shellPath = /bin/sh;
			shellScript = "\"${SRCROOT}/Pods/Target Support Files/Pods-WebRTC_Example/Pods-WebRTC_Example-resources.sh\"\n";
			showEnvVarsInLog = 0;
		};
		F57D03CFCC3F212C299D2DAA /* [CP] Embed Pods Frameworks */ = {
			isa = PBXShellScriptBuildPhase;
			buildActionMask = 2147483647;
			files = (
			);
			inputPaths = (
				"${SRCROOT}/Pods/Target Support Files/Pods-WebRTC_Example/Pods-WebRTC_Example-frameworks.sh",
				"${BUILT_PRODUCTS_DIR}/SocketRocket/SocketRocket.framework",
				"${PODS_ROOT}/../../WebRTC/WebRTC.framework",
			);
			name = "[CP] Embed Pods Frameworks";
			outputPaths = (
				"${TARGET_BUILD_DIR}/${FRAMEWORKS_FOLDER_PATH}/SocketRocket.framework",
				"${TARGET_BUILD_DIR}/${FRAMEWORKS_FOLDER_PATH}/WebRTC.framework",
			);
			runOnlyForDeploymentPostprocessing = 0;
			shellPath = /bin/sh;
			shellScript = "\"${SRCROOT}/Pods/Target Support Files/Pods-WebRTC_Example/Pods-WebRTC_Example-frameworks.sh\"\n";
			showEnvVarsInLog = 0;
		};
/* End PBXShellScriptBuildPhase section */

/* Begin PBXSourcesBuildPhase section */
		6003F586195388D20070C39A /* Sources */ = {
			isa = PBXSourcesBuildPhase;
			buildActionMask = 2147483647;
			files = (
				CF03DA991E64B261004E4CC7 /* ARDSettingsViewController.m in Sources */,
				CF3D4DBD1D761FBA0047A0E6 /* ARDBitrateTracker.m in Sources */,
				CF3D4DBC1D761FBA0047A0E6 /* ARDAppEngineClient.m in Sources */,
				CF3D4D941D761F6A0047A0E6 /* ARDVideoCallViewController.m in Sources */,
				CF3D4D921D761F6A0047A0E6 /* ARDStatsView.m in Sources */,
				CF3D4DC51D761FBA0047A0E6 /* RTCIceCandidate+JSON.m in Sources */,
				CF3D4DC81D761FBA0047A0E6 /* RTCSessionDescription+JSON.m in Sources */,
				CF03DA981E64B261004E4CC7 /* ARDSettingsStore.m in Sources */,
				CF3D4D931D761F6A0047A0E6 /* ARDVideoCallView.m in Sources */,
				CF3D4D8F1D761F6A0047A0E6 /* ARDAppDelegate.m in Sources */,
				CF3D4DC11D761FBA0047A0E6 /* ARDSDPUtils.m in Sources */,
				CF03DA8F1E64B236004E4CC7 /* ARDTURNClient.m in Sources */,
				CF3D4DC71D761FBA0047A0E6 /* RTCMediaConstraints+JSON.m in Sources */,
				CF3D4DC61D761FBA0047A0E6 /* RTCIceServer+JSON.m in Sources */,
				CF3D4D821D761F570047A0E6 /* UIImage+ARDUtilities.m in Sources */,
				CF3D4DC21D761FBA0047A0E6 /* ARDSignalingMessage.m in Sources */,
				CF3D4DBF1D761FBA0047A0E6 /* ARDJoinResponse.m in Sources */,
				CF3D4D7E1D761EEC0047A0E6 /* main.m in Sources */,
				CF3D4DC01D761FBA0047A0E6 /* ARDMessageResponse.m in Sources */,
				CF3D4DC41D761FBA0047A0E6 /* ARDWebSocketChannel.m in Sources */,
				CF3D4DC31D761FBA0047A0E6 /* ARDStatsBuilder.m in Sources */,
				CF3D4DBB1D761FBA0047A0E6 /* ARDAppClient.m in Sources */,
				CF3D4DCB1D761FEB0047A0E6 /* ARDUtilities.m in Sources */,
				CF3D4D901D761F6A0047A0E6 /* ARDMainView.m in Sources */,
				CF03DA971E64B261004E4CC7 /* ARDSettingsModel.m in Sources */,
				CF3D4D911D761F6A0047A0E6 /* ARDMainViewController.m in Sources */,
			);
			runOnlyForDeploymentPostprocessing = 0;
		};
		6003F5AA195388D20070C39A /* Sources */ = {
			isa = PBXSourcesBuildPhase;
			buildActionMask = 2147483647;
			files = (
			);
			runOnlyForDeploymentPostprocessing = 0;
		};
/* End PBXSourcesBuildPhase section */

/* Begin PBXTargetDependency section */
		6003F5B4195388D20070C39A /* PBXTargetDependency */ = {
			isa = PBXTargetDependency;
			target = 6003F589195388D20070C39A /* WebRTC_Example */;
			targetProxy = 6003F5B3195388D20070C39A /* PBXContainerItemProxy */;
		};
/* End PBXTargetDependency section */

/* Begin PBXVariantGroup section */
		6003F596195388D20070C39A /* InfoPlist.strings */ = {
			isa = PBXVariantGroup;
			children = (
				6003F597195388D20070C39A /* en */,
			);
			name = InfoPlist.strings;
			sourceTree = "<group>";
		};
/* End PBXVariantGroup section */

/* Begin XCBuildConfiguration section */
		6003F5BD195388D20070C39A /* Debug */ = {
			isa = XCBuildConfiguration;
			buildSettings = {
				ALWAYS_SEARCH_USER_PATHS = NO;
				CLANG_CXX_LANGUAGE_STANDARD = "gnu++0x";
				CLANG_CXX_LIBRARY = "libc++";
				CLANG_ENABLE_MODULES = YES;
				CLANG_ENABLE_OBJC_ARC = YES;
				CLANG_WARN_BOOL_CONVERSION = YES;
				CLANG_WARN_CONSTANT_CONVERSION = YES;
				CLANG_WARN_DIRECT_OBJC_ISA_USAGE = YES_ERROR;
				CLANG_WARN_EMPTY_BODY = YES;
				CLANG_WARN_ENUM_CONVERSION = YES;
				CLANG_WARN_INT_CONVERSION = YES;
				CLANG_WARN_OBJC_ROOT_CLASS = YES_ERROR;
				CLANG_WARN__DUPLICATE_METHOD_MATCH = YES;
				"CODE_SIGN_IDENTITY[sdk=iphoneos*]" = "iPhone Developer";
				COPY_PHASE_STRIP = NO;
				ENABLE_TESTABILITY = YES;
				GCC_C_LANGUAGE_STANDARD = gnu99;
				GCC_DYNAMIC_NO_PIC = NO;
				GCC_OPTIMIZATION_LEVEL = 0;
				GCC_PREPROCESSOR_DEFINITIONS = (
					"DEBUG=1",
					"$(inherited)",
				);
				GCC_SYMBOLS_PRIVATE_EXTERN = NO;
				GCC_WARN_64_TO_32_BIT_CONVERSION = YES;
				GCC_WARN_ABOUT_RETURN_TYPE = YES_ERROR;
				GCC_WARN_UNDECLARED_SELECTOR = YES;
				GCC_WARN_UNINITIALIZED_AUTOS = YES_AGGRESSIVE;
				GCC_WARN_UNUSED_FUNCTION = YES;
				GCC_WARN_UNUSED_VARIABLE = YES;
				IPHONEOS_DEPLOYMENT_TARGET = 8.0;
				ONLY_ACTIVE_ARCH = YES;
				SDKROOT = iphoneos;
				TARGETED_DEVICE_FAMILY = "1,2";
			};
			name = Debug;
		};
		6003F5BE195388D20070C39A /* Release */ = {
			isa = XCBuildConfiguration;
			buildSettings = {
				ALWAYS_SEARCH_USER_PATHS = NO;
				CLANG_CXX_LANGUAGE_STANDARD = "gnu++0x";
				CLANG_CXX_LIBRARY = "libc++";
				CLANG_ENABLE_MODULES = YES;
				CLANG_ENABLE_OBJC_ARC = YES;
				CLANG_WARN_BOOL_CONVERSION = YES;
				CLANG_WARN_CONSTANT_CONVERSION = YES;
				CLANG_WARN_DIRECT_OBJC_ISA_USAGE = YES_ERROR;
				CLANG_WARN_EMPTY_BODY = YES;
				CLANG_WARN_ENUM_CONVERSION = YES;
				CLANG_WARN_INT_CONVERSION = YES;
				CLANG_WARN_OBJC_ROOT_CLASS = YES_ERROR;
				CLANG_WARN__DUPLICATE_METHOD_MATCH = YES;
				"CODE_SIGN_IDENTITY[sdk=iphoneos*]" = "iPhone Developer";
				COPY_PHASE_STRIP = YES;
				ENABLE_NS_ASSERTIONS = NO;
				GCC_C_LANGUAGE_STANDARD = gnu99;
				GCC_WARN_64_TO_32_BIT_CONVERSION = YES;
				GCC_WARN_ABOUT_RETURN_TYPE = YES_ERROR;
				GCC_WARN_UNDECLARED_SELECTOR = YES;
				GCC_WARN_UNINITIALIZED_AUTOS = YES_AGGRESSIVE;
				GCC_WARN_UNUSED_FUNCTION = YES;
				GCC_WARN_UNUSED_VARIABLE = YES;
				IPHONEOS_DEPLOYMENT_TARGET = 8.0;
				SDKROOT = iphoneos;
				TARGETED_DEVICE_FAMILY = "1,2";
				VALIDATE_PRODUCT = YES;
			};
			name = Release;
		};
		6003F5C0195388D20070C39A /* Debug */ = {
			isa = XCBuildConfiguration;
			baseConfigurationReference = DCA0AF3FB55DB9E20A96E7AD /* Pods-WebRTC_Example.debug.xcconfig */;
			buildSettings = {
				ASSETCATALOG_COMPILER_APPICON_NAME = AppIcon;
				ASSETCATALOG_COMPILER_LAUNCHIMAGE_NAME = LaunchImage;
				CODE_SIGN_IDENTITY = "iPhone Developer";
				ENABLE_BITCODE = NO;
				GCC_PRECOMPILE_PREFIX_HEADER = YES;
				GCC_PREFIX_HEADER = "WebRTC/ios/AppRTCMobile-Prefix.pch";
				INFOPLIST_FILE = "$(SRCROOT)/WebRTC/ios/Info.plist";
				IPHONEOS_DEPLOYMENT_TARGET = 8.0;
				MODULE_NAME = ExampleApp;
				PRODUCT_BUNDLE_IDENTIFIER = com.xquezme.AppRTCDemo;
				PRODUCT_NAME = "$(TARGET_NAME)";
				WRAPPER_EXTENSION = app;
			};
			name = Debug;
		};
		6003F5C1195388D20070C39A /* Release */ = {
			isa = XCBuildConfiguration;
			baseConfigurationReference = 7ED4FB310B252359EAD55BE2 /* Pods-WebRTC_Example.release.xcconfig */;
			buildSettings = {
				ASSETCATALOG_COMPILER_APPICON_NAME = AppIcon;
				ASSETCATALOG_COMPILER_LAUNCHIMAGE_NAME = LaunchImage;
				CODE_SIGN_IDENTITY = "iPhone Developer";
				ENABLE_BITCODE = NO;
				GCC_PRECOMPILE_PREFIX_HEADER = YES;
				GCC_PREFIX_HEADER = "WebRTC/ios/AppRTCMobile-Prefix.pch";
				INFOPLIST_FILE = "$(SRCROOT)/WebRTC/ios/Info.plist";
				IPHONEOS_DEPLOYMENT_TARGET = 8.0;
				MODULE_NAME = ExampleApp;
				PRODUCT_BUNDLE_IDENTIFIER = com.xquezme.AppRTCDemo;
				PRODUCT_NAME = "$(TARGET_NAME)";
				WRAPPER_EXTENSION = app;
			};
			name = Release;
		};
		6003F5C3195388D20070C39A /* Debug */ = {
			isa = XCBuildConfiguration;
			buildSettings = {
				BUNDLE_LOADER = "$(TEST_HOST)";
				FRAMEWORK_SEARCH_PATHS = (
					"$(SDKROOT)/Developer/Library/Frameworks",
					"$(inherited)",
					"$(DEVELOPER_FRAMEWORKS_DIR)",
				);
				GCC_PRECOMPILE_PREFIX_HEADER = YES;
				GCC_PREFIX_HEADER = "Tests/Tests-Prefix.pch";
				GCC_PREPROCESSOR_DEFINITIONS = (
					"DEBUG=1",
					"$(inherited)",
				);
				INFOPLIST_FILE = "Tests/Tests-Info.plist";
				PRODUCT_BUNDLE_IDENTIFIER = "org.cocoapods.demo.${PRODUCT_NAME:rfc1034identifier}";
				PRODUCT_NAME = "$(TARGET_NAME)";
				TEST_HOST = "$(BUILT_PRODUCTS_DIR)/WebRTC_Example.app/WebRTC_Example";
				WRAPPER_EXTENSION = xctest;
			};
			name = Debug;
		};
		6003F5C4195388D20070C39A /* Release */ = {
			isa = XCBuildConfiguration;
			buildSettings = {
				BUNDLE_LOADER = "$(TEST_HOST)";
				FRAMEWORK_SEARCH_PATHS = (
					"$(SDKROOT)/Developer/Library/Frameworks",
					"$(inherited)",
					"$(DEVELOPER_FRAMEWORKS_DIR)",
				);
				GCC_PRECOMPILE_PREFIX_HEADER = YES;
				GCC_PREFIX_HEADER = "Tests/Tests-Prefix.pch";
				INFOPLIST_FILE = "Tests/Tests-Info.plist";
				PRODUCT_BUNDLE_IDENTIFIER = "org.cocoapods.demo.${PRODUCT_NAME:rfc1034identifier}";
				PRODUCT_NAME = "$(TARGET_NAME)";
				TEST_HOST = "$(BUILT_PRODUCTS_DIR)/WebRTC_Example.app/WebRTC_Example";
				WRAPPER_EXTENSION = xctest;
			};
			name = Release;
		};
/* End XCBuildConfiguration section */

/* Begin XCConfigurationList section */
		6003F585195388D10070C39A /* Build configuration list for PBXProject "WebRTC" */ = {
			isa = XCConfigurationList;
			buildConfigurations = (
				6003F5BD195388D20070C39A /* Debug */,
				6003F5BE195388D20070C39A /* Release */,
			);
			defaultConfigurationIsVisible = 0;
			defaultConfigurationName = Release;
		};
		6003F5BF195388D20070C39A /* Build configuration list for PBXNativeTarget "WebRTC_Example" */ = {
			isa = XCConfigurationList;
			buildConfigurations = (
				6003F5C0195388D20070C39A /* Debug */,
				6003F5C1195388D20070C39A /* Release */,
			);
			defaultConfigurationIsVisible = 0;
			defaultConfigurationName = Release;
		};
		6003F5C2195388D20070C39A /* Build configuration list for PBXNativeTarget "WebRTC_Tests" */ = {
			isa = XCConfigurationList;
			buildConfigurations = (
				6003F5C3195388D20070C39A /* Debug */,
				6003F5C4195388D20070C39A /* Release */,
			);
			defaultConfigurationIsVisible = 0;
			defaultConfigurationName = Release;
		};
/* End XCConfigurationList section */
	};
	rootObject = 6003F582195388D10070C39A /* Project object */;
}
